
Microsoft Visual Studio Solution File, Format Version 12.00
# Visual Studio Version 16
VisualStudioVersion = 16.0.30611.23
MinimumVisualStudioVersion = 10.0.40219.1
Project("{9A19103F-16F7-4668-BE54-9A1E7A4F7556}") = "Dziennik", "Dziennik\Dziennik.csproj", "{212334B3-DD75-488B-9832-9F6322130768}"
EndProject
Project("{9A19103F-16F7-4668-BE54-9A1E7A4F7556}") = "Krawczun_Testy", "Krawczun_Testy\Krawczun_Testy.csproj", "{FB7CEDC4-92E0-4691-B7F5-3FA5DCD36F13}"
EndProject
Project("{FAE04EC0-301F-11D3-BF4B-00C04F79EFBC}") = "TestyTS", "TestyTS\TestyTS.csproj", "{9F196973-FD9C-42BB-B8D9-6AD43921A658}"
EndProject
Global
	GlobalSection(SolutionConfigurationPlatforms) = preSolution
		Debug|Any CPU = Debug|Any CPU
		Release|Any CPU = Release|Any CPU
	EndGlobalSection
	GlobalSection(ProjectConfigurationPlatforms) = postSolution
		{212334B3-DD75-488B-9832-9F6322130768}.Debug|Any CPU.ActiveCfg = Debug|Any CPU
		{212334B3-DD75-488B-9832-9F6322130768}.Debug|Any CPU.Build.0 = Debug|Any CPU
		{212334B3-DD75-488B-9832-9F6322130768}.Release|Any CPU.ActiveCfg = Release|Any CPU
		{212334B3-DD75-488B-9832-9F6322130768}.Release|Any CPU.Build.0 = Release|Any CPU
		{FB7CEDC4-92E0-4691-B7F5-3FA5DCD36F13}.Debug|Any CPU.ActiveCfg = Debug|Any CPU
		{FB7CEDC4-92E0-4691-B7F5-3FA5DCD36F13}.Debug|Any CPU.Build.0 = Debug|Any CPU
		{FB7CEDC4-92E0-4691-B7F5-3FA5DCD36F13}.Release|Any CPU.ActiveCfg = Release|Any CPU
		{FB7CEDC4-92E0-4691-B7F5-3FA5DCD36F13}.Release|Any CPU.Build.0 = Release|Any CPU
		{9F196973-FD9C-42BB-B8D9-6AD43921A658}.Debug|Any CPU.ActiveCfg = Debug|Any CPU
		{9F196973-FD9C-42BB-B8D9-6AD43921A658}.Debug|Any CPU.Build.0 = Debug|Any CPU
		{9F196973-FD9C-42BB-B8D9-6AD43921A658}.Release|Any CPU.ActiveCfg = Release|Any CPU
		{9F196973-FD9C-42BB-B8D9-6AD43921A658}.Release|Any CPU.Build.0 = Release|Any CPU
	EndGlobalSection
	GlobalSection(SolutionProperties) = preSolution
		HideSolutionNode = FALSE
	EndGlobalSection
	GlobalSection(ExtensibilityGlobals) = postSolution
		SolutionGuid = {EE04F368-5F86-411D-BA3E-71E399E00F43}
	EndGlobalSection
EndGlobal
